
Microsoft Visual Studio Solution File, Format Version 12.00
# Visual Studio 15
VisualStudioVersion = 15.0.28307.168
MinimumVisualStudioVersion = 10.0.40219.1
Project("{FAE04EC0-301F-11D3-BF4B-00C04F79EFBC}") = "KataTax", "KataTax\KataTax.csproj", "{1FF78E6B-C206-412A-903C-676D24938320}"
EndProject
Project("{FAE04EC0-301F-11D3-BF4B-00C04F79EFBC}") = "KataTax.Tests", "KataTax.Tests\KataTax.Tests.csproj", "{1F9F2408-C885-4432-99BC-6A5D23A538C2}"
EndProject
Global
	GlobalSection(SolutionConfigurationPlatforms) = preSolution
		Debug|Any CPU = Debug|Any CPU
		Release|Any CPU = Release|Any CPU
	EndGlobalSection
	GlobalSection(ProjectConfigurationPlatforms) = postSolution
		{1FF78E6B-C206-412A-903C-676D24938320}.Debug|Any CPU.ActiveCfg = Debug|Any CPU
		{1FF78E6B-C206-412A-903C-676D24938320}.Debug|Any CPU.Build.0 = Debug|Any CPU
		{1FF78E6B-C206-412A-903C-676D24938320}.Release|Any CPU.ActiveCfg = Release|Any CPU
		{1FF78E6B-C206-412A-903C-676D24938320}.Release|Any CPU.Build.0 = Release|Any CPU
		{1F9F2408-C885-4432-99BC-6A5D23A538C2}.Debug|Any CPU.ActiveCfg = Debug|Any CPU
		{1F9F2408-C885-4432-99BC-6A5D23A538C2}.Debug|Any CPU.Build.0 = Debug|Any CPU
		{1F9F2408-C885-4432-99BC-6A5D23A538C2}.Release|Any CPU.ActiveCfg = Release|Any CPU
		{1F9F2408-C885-4432-99BC-6A5D23A538C2}.Release|Any CPU.Build.0 = Release|Any CPU
	EndGlobalSection
	GlobalSection(SolutionProperties) = preSolution
		HideSolutionNode = FALSE
	EndGlobalSection
	GlobalSection(ExtensibilityGlobals) = postSolution
		SolutionGuid = {636E64B4-9E88-4568-A766-4E1389DFCF01}
	EndGlobalSection
EndGlobal
